
Microsoft Visual Studio Solution File, Format Version 12.00
# Visual Studio Version 17
VisualStudioVersion = 17.0.31808.319
MinimumVisualStudioVersion = 10.0.40219.1
Project("{FAE04EC0-301F-11D3-BF4B-00C04F79EFBC}") = "Assembly-CSharp", "Assembly-CSharp.csproj", "{95A252A3-FF21-A6B8-5A69-5247B4E038BD}"
EndProject
Project("{54435603-DBB4-11D2-8724-00A0C9A8B90C}") = "MyAngryBirds", "..\MyAngryBirds\MyAngryBirds.vdproj", "{0231827A-0E75-46A0-B5F3-BA7BE8D45102}"
EndProject
Global
	GlobalSection(SolutionConfigurationPlatforms) = preSolution
		Debug|Any CPU = Debug|Any CPU
		Release|Any CPU = Release|Any CPU
	EndGlobalSection
	GlobalSection(ProjectConfigurationPlatforms) = postSolution
		{95A252A3-FF21-A6B8-5A69-5247B4E038BD}.Debug|Any CPU.ActiveCfg = Debug|Any CPU
		{95A252A3-FF21-A6B8-5A69-5247B4E038BD}.Debug|Any CPU.Build.0 = Debug|Any CPU
		{95A252A3-FF21-A6B8-5A69-5247B4E038BD}.Release|Any CPU.ActiveCfg = Release|Any CPU
		{95A252A3-FF21-A6B8-5A69-5247B4E038BD}.Release|Any CPU.Build.0 = Release|Any CPU
		{0231827A-0E75-46A0-B5F3-BA7BE8D45102}.Debug|Any CPU.ActiveCfg = Debug
		{0231827A-0E75-46A0-B5F3-BA7BE8D45102}.Release|Any CPU.ActiveCfg = Release
	EndGlobalSection
	GlobalSection(SolutionProperties) = preSolution
		HideSolutionNode = FALSE
	EndGlobalSection
	GlobalSection(ExtensibilityGlobals) = postSolution
		SolutionGuid = {8411FF3F-8130-4D18-9563-126ED9CD5D12}
	EndGlobalSection
EndGlobal
